// !$*UTF8*$!
{
	archiveVersion = 1;
	classes = {
	};
	objectVersion = 50;
	objects = {

/* Begin PBXBuildFile section */
		8427D32B21E633F1002F6960 /* AppDelegate.swift in Sources */ = {isa = PBXBuildFile; fileRef = 8427D32A21E633F1002F6960 /* AppDelegate.swift */; };
		8427D32D21E633F1002F6960 /* ViewController.swift in Sources */ = {isa = PBXBuildFile; fileRef = 8427D32C21E633F1002F6960 /* ViewController.swift */; };
		8427D33021E633F1002F6960 /* Main.storyboard in Resources */ = {isa = PBXBuildFile; fileRef = 8427D32E21E633F1002F6960 /* Main.storyboard */; };
		8427D33221E633F3002F6960 /* Assets.xcassets in Resources */ = {isa = PBXBuildFile; fileRef = 8427D33121E633F3002F6960 /* Assets.xcassets */; };
		8427D33521E633F3002F6960 /* LaunchScreen.storyboard in Resources */ = {isa = PBXBuildFile; fileRef = 8427D33321E633F3002F6960 /* LaunchScreen.storyboard */; };
		8427D33F21E63F37002F6960 /* CurensyViewController.swift in Sources */ = {isa = PBXBuildFile; fileRef = 8427D33E21E63F37002F6960 /* CurensyViewController.swift */; };
		8427D34121E649BE002F6960 /* Ccy.swift in Sources */ = {isa = PBXBuildFile; fileRef = 8427D34021E649BE002F6960 /* Ccy.swift */; };
		8427D34421E652DA002F6960 /* CellsTableViewCell.swift in Sources */ = {isa = PBXBuildFile; fileRef = 8427D34221E652DA002F6960 /* CellsTableViewCell.swift */; };
		8427D34521E652DA002F6960 /* CellsTableViewCell.xib in Resources */ = {isa = PBXBuildFile; fileRef = 8427D34321E652DA002F6960 /* CellsTableViewCell.xib */; };
		8427D34721E67311002F6960 /* API.swift in Sources */ = {isa = PBXBuildFile; fileRef = 8427D34621E67311002F6960 /* API.swift */; };
		845D356221E73E8D0016E264 /* ATMs.swift in Sources */ = {isa = PBXBuildFile; fileRef = 845D356121E73E8D0016E264 /* ATMs.swift */; };
		845D356421E7456A0016E264 /* ATMsScreenViewController.swift in Sources */ = {isa = PBXBuildFile; fileRef = 845D356321E7456A0016E264 /* ATMsScreenViewController.swift */; };
		845D356721E7528D0016E264 /* ATMTableViewCell.swift in Sources */ = {isa = PBXBuildFile; fileRef = 845D356521E7528D0016E264 /* ATMTableViewCell.swift */; };
		845D356821E7528D0016E264 /* ATMTableViewCell.xib in Resources */ = {isa = PBXBuildFile; fileRef = 845D356621E7528D0016E264 /* ATMTableViewCell.xib */; };
		84AD36D021EF5610008F5B74 /* PostViewController.swift in Sources */ = {isa = PBXBuildFile; fileRef = 84AD36CF21EF5610008F5B74 /* PostViewController.swift */; };
		84AD36D221EF5880008F5B74 /* DataFromPost.swift in Sources */ = {isa = PBXBuildFile; fileRef = 84AD36D121EF5880008F5B74 /* DataFromPost.swift */; };
		84AD36D421EFAE59008F5B74 /* DataFromID.swift in Sources */ = {isa = PBXBuildFile; fileRef = 84AD36D321EFAE59008F5B74 /* DataFromID.swift */; };
/* End PBXBuildFile section */

/* Begin PBXFileReference section */
		8427D32721E633F1002F6960 /* AwesomeCodableProject.app */ = {isa = PBXFileReference; explicitFileType = wrapper.application; includeInIndex = 0; path = AwesomeCodableProject.app; sourceTree = BUILT_PRODUCTS_DIR; };
		8427D32A21E633F1002F6960 /* AppDelegate.swift */ = {isa = PBXFileReference; lastKnownFileType = sourcecode.swift; path = AppDelegate.swift; sourceTree = "<group>"; };
		8427D32C21E633F1002F6960 /* ViewController.swift */ = {isa = PBXFileReference; lastKnownFileType = sourcecode.swift; path = ViewController.swift; sourceTree = "<group>"; };
		8427D32F21E633F1002F6960 /* Base */ = {isa = PBXFileReference; lastKnownFileType = file.storyboard; name = Base; path = Base.lproj/Main.storyboard; sourceTree = "<group>"; };
		8427D33121E633F3002F6960 /* Assets.xcassets */ = {isa = PBXFileReference; lastKnownFileType = folder.assetcatalog; path = Assets.xcassets; sourceTree = "<group>"; };
		8427D33421E633F3002F6960 /* Base */ = {isa = PBXFileReference; lastKnownFileType = file.storyboard; name = Base; path = Base.lproj/LaunchScreen.storyboard; sourceTree = "<group>"; };
		8427D33621E633F3002F6960 /* Info.plist */ = {isa = PBXFileReference; lastKnownFileType = text.plist.xml; path = Info.plist; sourceTree = "<group>"; };
		8427D33E21E63F37002F6960 /* CurensyViewController.swift */ = {isa = PBXFileReference; lastKnownFileType = sourcecode.swift; path = CurensyViewController.swift; sourceTree = "<group>"; };
		8427D34021E649BE002F6960 /* Ccy.swift */ = {isa = PBXFileReference; lastKnownFileType = sourcecode.swift; path = Ccy.swift; sourceTree = "<group>"; };
		8427D34221E652DA002F6960 /* CellsTableViewCell.swift */ = {isa = PBXFileReference; lastKnownFileType = sourcecode.swift; path = CellsTableViewCell.swift; sourceTree = "<group>"; };
		8427D34321E652DA002F6960 /* CellsTableViewCell.xib */ = {isa = PBXFileReference; lastKnownFileType = file.xib; path = CellsTableViewCell.xib; sourceTree = "<group>"; };
		8427D34621E67311002F6960 /* API.swift */ = {isa = PBXFileReference; lastKnownFileType = sourcecode.swift; path = API.swift; sourceTree = "<group>"; };
		845D356121E73E8D0016E264 /* ATMs.swift */ = {isa = PBXFileReference; lastKnownFileType = sourcecode.swift; path = ATMs.swift; sourceTree = "<group>"; };
		845D356321E7456A0016E264 /* ATMsScreenViewController.swift */ = {isa = PBXFileReference; lastKnownFileType = sourcecode.swift; path = ATMsScreenViewController.swift; sourceTree = "<group>"; xcLanguageSpecificationIdentifier = xcode.lang.swift; };
		845D356521E7528D0016E264 /* ATMTableViewCell.swift */ = {isa = PBXFileReference; lastKnownFileType = sourcecode.swift; path = ATMTableViewCell.swift; sourceTree = "<group>"; };
		845D356621E7528D0016E264 /* ATMTableViewCell.xib */ = {isa = PBXFileReference; lastKnownFileType = file.xib; path = ATMTableViewCell.xib; sourceTree = "<group>"; };
		84AD36CF21EF5610008F5B74 /* PostViewController.swift */ = {isa = PBXFileReference; lastKnownFileType = sourcecode.swift; path = PostViewController.swift; sourceTree = "<group>"; };
		84AD36D121EF5880008F5B74 /* DataFromPost.swift */ = {isa = PBXFileReference; lastKnownFileType = sourcecode.swift; path = DataFromPost.swift; sourceTree = "<group>"; };
		84AD36D321EFAE59008F5B74 /* DataFromID.swift */ = {isa = PBXFileReference; lastKnownFileType = sourcecode.swift; path = DataFromID.swift; sourceTree = "<group>"; };
/* End PBXFileReference section */

/* Begin PBXFrameworksBuildPhase section */
		8427D32421E633F1002F6960 /* Frameworks */ = {
			isa = PBXFrameworksBuildPhase;
			buildActionMask = 2147483647;
			files = (
			);
			runOnlyForDeploymentPostprocessing = 0;
		};
/* End PBXFrameworksBuildPhase section */

/* Begin PBXGroup section */
		8427D31E21E633F1002F6960 = {
			isa = PBXGroup;
			children = (
				8427D32921E633F1002F6960 /* AwesomeCodableProject */,
				8427D32821E633F1002F6960 /* Products */,
			);
			sourceTree = "<group>";
		};
		8427D32821E633F1002F6960 /* Products */ = {
			isa = PBXGroup;
			children = (
				8427D32721E633F1002F6960 /* AwesomeCodableProject.app */,
			);
			name = Products;
			sourceTree = "<group>";
		};
		8427D32921E633F1002F6960 /* AwesomeCodableProject */ = {
			isa = PBXGroup;
			children = (
				8427D32A21E633F1002F6960 /* AppDelegate.swift */,
				84AD36CC21EF4438008F5B74 /* ViewControllers */,
				84AD36CB21EF43EE008F5B74 /* Cells For Tableview */,
				84AD36CD21EF4454008F5B74 /* Network Models */,
				84AD36CE21EF4475008F5B74 /* API */,
				8427D32E21E633F1002F6960 /* Main.storyboard */,
				8427D33121E633F3002F6960 /* Assets.xcassets */,
				8427D33321E633F3002F6960 /* LaunchScreen.storyboard */,
				8427D33621E633F3002F6960 /* Info.plist */,
			);
			path = AwesomeCodableProject;
			sourceTree = "<group>";
		};
		84AD36CB21EF43EE008F5B74 /* Cells For Tableview */ = {
			isa = PBXGroup;
			children = (
				845D356521E7528D0016E264 /* ATMTableViewCell.swift */,
				845D356621E7528D0016E264 /* ATMTableViewCell.xib */,
				8427D34221E652DA002F6960 /* CellsTableViewCell.swift */,
				8427D34321E652DA002F6960 /* CellsTableViewCell.xib */,
			);
			path = "Cells For Tableview";
			sourceTree = "<group>";
		};
		84AD36CC21EF4438008F5B74 /* ViewControllers */ = {
			isa = PBXGroup;
			children = (
				845D356321E7456A0016E264 /* ATMsScreenViewController.swift */,
				8427D32C21E633F1002F6960 /* ViewController.swift */,
				84AD36CF21EF5610008F5B74 /* PostViewController.swift */,
				8427D33E21E63F37002F6960 /* CurensyViewController.swift */,
			);
			path = ViewControllers;
			sourceTree = "<group>";
		};
		84AD36CD21EF4454008F5B74 /* Network Models */ = {
			isa = PBXGroup;
			children = (
				845D356121E73E8D0016E264 /* ATMs.swift */,
				84AD36D321EFAE59008F5B74 /* DataFromID.swift */,
				8427D34021E649BE002F6960 /* Ccy.swift */,
				84AD36D121EF5880008F5B74 /* DataFromPost.swift */,
			);
			path = "Network Models";
			sourceTree = "<group>";
		};
		84AD36CE21EF4475008F5B74 /* API */ = {
			isa = PBXGroup;
			children = (
				8427D34621E67311002F6960 /* API.swift */,
			);
			path = API;
			sourceTree = "<group>";
		};
/* End PBXGroup section */

/* Begin PBXNativeTarget section */
		8427D32621E633F1002F6960 /* AwesomeCodableProject */ = {
			isa = PBXNativeTarget;
			buildConfigurationList = 8427D33921E633F3002F6960 /* Build configuration list for PBXNativeTarget "AwesomeCodableProject" */;
			buildPhases = (
				8427D32321E633F1002F6960 /* Sources */,
				8427D32421E633F1002F6960 /* Frameworks */,
				8427D32521E633F1002F6960 /* Resources */,
			);
			buildRules = (
			);
			dependencies = (
			);
			name = AwesomeCodableProject;
			productName = AwesomeCodableProject;
			productReference = 8427D32721E633F1002F6960 /* AwesomeCodableProject.app */;
			productType = "com.apple.product-type.application";
		};
/* End PBXNativeTarget section */

/* Begin PBXProject section */
		8427D31F21E633F1002F6960 /* Project object */ = {
			isa = PBXProject;
			attributes = {
				LastSwiftUpdateCheck = 1010;
				LastUpgradeCheck = 1010;
				ORGANIZATIONNAME = "Мостовий Ігор";
				TargetAttributes = {
					8427D32621E633F1002F6960 = {
						CreatedOnToolsVersion = 10.1;
					};
				};
			};
			buildConfigurationList = 8427D32221E633F1002F6960 /* Build configuration list for PBXProject "AwesomeCodableProject" */;
			compatibilityVersion = "Xcode 9.3";
			developmentRegion = en;
			hasScannedForEncodings = 0;
			knownRegions = (
				en,
				Base,
			);
			mainGroup = 8427D31E21E633F1002F6960;
			productRefGroup = 8427D32821E633F1002F6960 /* Products */;
			projectDirPath = "";
			projectRoot = "";
			targets = (
				8427D32621E633F1002F6960 /* AwesomeCodableProject */,
			);
		};
/* End PBXProject section */

/* Begin PBXResourcesBuildPhase section */
		8427D32521E633F1002F6960 /* Resources */ = {
			isa = PBXResourcesBuildPhase;
			buildActionMask = 2147483647;
			files = (
				845D356821E7528D0016E264 /* ATMTableViewCell.xib in Resources */,
				8427D33521E633F3002F6960 /* LaunchScreen.storyboard in Resources */,
				8427D34521E652DA002F6960 /* CellsTableViewCell.xib in Resources */,
				8427D33221E633F3002F6960 /* Assets.xcassets in Resources */,
				8427D33021E633F1002F6960 /* Main.storyboard in Resources */,
			);
			runOnlyForDeploymentPostprocessing = 0;
		};
/* End PBXResourcesBuildPhase section */

/* Begin PBXSourcesBuildPhase section */
		8427D32321E633F1002F6960 /* Sources */ = {
			isa = PBXSourcesBuildPhase;
			buildActionMask = 2147483647;
			files = (
				84AD36D221EF5880008F5B74 /* DataFromPost.swift in Sources */,
				8427D32D21E633F1002F6960 /* ViewController.swift in Sources */,
				84AD36D421EFAE59008F5B74 /* DataFromID.swift in Sources */,
				8427D34721E67311002F6960 /* API.swift in Sources */,
				8427D32B21E633F1002F6960 /* AppDelegate.swift in Sources */,
				8427D33F21E63F37002F6960 /* CurensyViewController.swift in Sources */,
				84AD36D021EF5610008F5B74 /* PostViewController.swift in Sources */,
				845D356721E7528D0016E264 /* ATMTableViewCell.swift in Sources */,
				8427D34421E652DA002F6960 /* CellsTableViewCell.swift in Sources */,
				845D356421E7456A0016E264 /* ATMsScreenViewController.swift in Sources */,
				8427D34121E649BE002F6960 /* Ccy.swift in Sources */,
				845D356221E73E8D0016E264 /* ATMs.swift in Sources */,
			);
			runOnlyForDeploymentPostprocessing = 0;
		};
/* End PBXSourcesBuildPhase section */

/* Begin PBXVariantGroup section */
		8427D32E21E633F1002F6960 /* Main.storyboard */ = {
			isa = PBXVariantGroup;
			children = (
				8427D32F21E633F1002F6960 /* Base */,
			);
			name = Main.storyboard;
			sourceTree = "<group>";
		};
		8427D33321E633F3002F6960 /* LaunchScreen.storyboard */ = {
			isa = PBXVariantGroup;
			children = (
				8427D33421E633F3002F6960 /* Base */,
			);
			name = LaunchScreen.storyboard;
			sourceTree = "<group>";
		};
/* End PBXVariantGroup section */

/* Begin XCBuildConfiguration section */
		8427D33721E633F3002F6960 /* Debug */ = {
			isa = XCBuildConfiguration;
			buildSettings = {
				ALWAYS_SEARCH_USER_PATHS = NO;
				CLANG_ANALYZER_NONNULL = YES;
				CLANG_ANALYZER_NUMBER_OBJECT_CONVERSION = YES_AGGRESSIVE;
				CLANG_CXX_LANGUAGE_STANDARD = "gnu++14";
				CLANG_CXX_LIBRARY = "libc++";
				CLANG_ENABLE_MODULES = YES;
				CLANG_ENABLE_OBJC_ARC = YES;
				CLANG_ENABLE_OBJC_WEAK = YES;
				CLANG_WARN_BLOCK_CAPTURE_AUTORELEASING = YES;
				CLANG_WARN_BOOL_CONVERSION = YES;
				CLANG_WARN_COMMA = YES;
				CLANG_WARN_CONSTANT_CONVERSION = YES;
				CLANG_WARN_DEPRECATED_OBJC_IMPLEMENTATIONS = YES;
				CLANG_WARN_DIRECT_OBJC_ISA_USAGE = YES_ERROR;
				CLANG_WARN_DOCUMENTATION_COMMENTS = YES;
				CLANG_WARN_EMPTY_BODY = YES;
				CLANG_WARN_ENUM_CONVERSION = YES;
				CLANG_WARN_INFINITE_RECURSION = YES;
				CLANG_WARN_INT_CONVERSION = YES;
				CLANG_WARN_NON_LITERAL_NULL_CONVERSION = YES;
				CLANG_WARN_OBJC_IMPLICIT_RETAIN_SELF = YES;
				CLANG_WARN_OBJC_LITERAL_CONVERSION = YES;
				CLANG_WARN_OBJC_ROOT_CLASS = YES_ERROR;
				CLANG_WARN_RANGE_LOOP_ANALYSIS = YES;
				CLANG_WARN_STRICT_PROTOTYPES = YES;
				CLANG_WARN_SUSPICIOUS_MOVE = YES;
				CLANG_WARN_UNGUARDED_AVAILABILITY = YES_AGGRESSIVE;
				CLANG_WARN_UNREACHABLE_CODE = YES;
				CLANG_WARN__DUPLICATE_METHOD_MATCH = YES;
				CODE_SIGN_IDENTITY = "iPhone Developer";
				COPY_PHASE_STRIP = NO;
				DEBUG_INFORMATION_FORMAT = dwarf;
				ENABLE_STRICT_OBJC_MSGSEND = YES;
				ENABLE_TESTABILITY = YES;
				GCC_C_LANGUAGE_STANDARD = gnu11;
				GCC_DYNAMIC_NO_PIC = NO;
				GCC_NO_COMMON_BLOCKS = YES;
				GCC_OPTIMIZATION_LEVEL = 0;
				GCC_PREPROCESSOR_DEFINITIONS = (
					"DEBUG=1",
					"$(inherited)",
				);
				GCC_WARN_64_TO_32_BIT_CONVERSION = YES;
				GCC_WARN_ABOUT_RETURN_TYPE = YES_ERROR;
				GCC_WARN_UNDECLARED_SELECTOR = YES;
				GCC_WARN_UNINITIALIZED_AUTOS = YES_AGGRESSIVE;
				GCC_WARN_UNUSED_FUNCTION = YES;
				GCC_WARN_UNUSED_VARIABLE = YES;
				IPHONEOS_DEPLOYMENT_TARGET = 12.1;
				MTL_ENABLE_DEBUG_INFO = INCLUDE_SOURCE;
				MTL_FAST_MATH = YES;
				ONLY_ACTIVE_ARCH = YES;
				SDKROOT = iphoneos;
				SWIFT_ACTIVE_COMPILATION_CONDITIONS = DEBUG;
				SWIFT_OPTIMIZATION_LEVEL = "-Onone";
			};
			name = Debug;
		};
		8427D33821E633F3002F6960 /* Release */ = {
			isa = XCBuildConfiguration;
			buildSettings = {
				ALWAYS_SEARCH_USER_PATHS = NO;
				CLANG_ANALYZER_NONNULL = YES;
				CLANG_ANALYZER_NUMBER_OBJECT_CONVERSION = YES_AGGRESSIVE;
				CLANG_CXX_LANGUAGE_STANDARD = "gnu++14";
				CLANG_CXX_LIBRARY = "libc++";
				CLANG_ENABLE_MODULES = YES;
				CLANG_ENABLE_OBJC_ARC = YES;
				CLANG_ENABLE_OBJC_WEAK = YES;
				CLANG_WARN_BLOCK_CAPTURE_AUTORELEASING = YES;
				CLANG_WARN_BOOL_CONVERSION = YES;
				CLANG_WARN_COMMA = YES;
				CLANG_WARN_CONSTANT_CONVERSION = YES;
				CLANG_WARN_DEPRECATED_OBJC_IMPLEMENTATIONS = YES;
				CLANG_WARN_DIRECT_OBJC_ISA_USAGE = YES_ERROR;
				CLANG_WARN_DOCUMENTATION_COMMENTS = YES;
				CLANG_WARN_EMPTY_BODY = YES;
				CLANG_WARN_ENUM_CONVERSION = YES;
				CLANG_WARN_INFINITE_RECURSION = YES;
				CLANG_WARN_INT_CONVERSION = YES;
				CLANG_WARN_NON_LITERAL_NULL_CONVERSION = YES;
				CLANG_WARN_OBJC_IMPLICIT_RETAIN_SELF = YES;
				CLANG_WARN_OBJC_LITERAL_CONVERSION = YES;
				CLANG_WARN_OBJC_ROOT_CLASS = YES_ERROR;
				CLANG_WARN_RANGE_LOOP_ANALYSIS = YES;
				CLANG_WARN_STRICT_PROTOTYPES = YES;
				CLANG_WARN_SUSPICIOUS_MOVE = YES;
				CLANG_WARN_UNGUARDED_AVAILABILITY = YES_AGGRESSIVE;
				CLANG_WARN_UNREACHABLE_CODE = YES;
				CLANG_WARN__DUPLICATE_METHOD_MATCH = YES;
				CODE_SIGN_IDENTITY = "iPhone Developer";
				COPY_PHASE_STRIP = NO;
				DEBUG_INFORMATION_FORMAT = "dwarf-with-dsym";
				ENABLE_NS_ASSERTIONS = NO;
				ENABLE_STRICT_OBJC_MSGSEND = YES;
				GCC_C_LANGUAGE_STANDARD = gnu11;
				GCC_NO_COMMON_BLOCKS = YES;
				GCC_WARN_64_TO_32_BIT_CONVERSION = YES;
				GCC_WARN_ABOUT_RETURN_TYPE = YES_ERROR;
				GCC_WARN_UNDECLARED_SELECTOR = YES;
				GCC_WARN_UNINITIALIZED_AUTOS = YES_AGGRESSIVE;
				GCC_WARN_UNUSED_FUNCTION = YES;
				GCC_WARN_UNUSED_VARIABLE = YES;
				IPHONEOS_DEPLOYMENT_TARGET = 12.1;
				MTL_ENABLE_DEBUG_INFO = NO;
				MTL_FAST_MATH = YES;
				SDKROOT = iphoneos;
				SWIFT_COMPILATION_MODE = wholemodule;
				SWIFT_OPTIMIZATION_LEVEL = "-O";
				VALIDATE_PRODUCT = YES;
			};
			name = Release;
		};
		8427D33A21E633F3002F6960 /* Debug */ = {
			isa = XCBuildConfiguration;
			buildSettings = {
				ASSETCATALOG_COMPILER_APPICON_NAME = AppIcon;
				CODE_SIGN_STYLE = Automatic;
				INFOPLIST_FILE = AwesomeCodableProject/Info.plist;
				LD_RUNPATH_SEARCH_PATHS = (
					"$(inherited)",
					"@executable_path/Frameworks",
				);
				PRODUCT_BUNDLE_IDENTIFIER = identifier.AwesomeCodableProject;
				PRODUCT_NAME = "$(TARGET_NAME)";
				SWIFT_VERSION = 4.2;
				TARGETED_DEVICE_FAMILY = "1,2";
			};
			name = Debug;
		};
		8427D33B21E633F3002F6960 /* Release */ = {
			isa = XCBuildConfiguration;
			buildSettings = {
				ASSETCATALOG_COMPILER_APPICON_NAME = AppIcon;
				CODE_SIGN_STYLE = Automatic;
				INFOPLIST_FILE = AwesomeCodableProject/Info.plist;
				LD_RUNPATH_SEARCH_PATHS = (
					"$(inherited)",
					"@executable_path/Frameworks",
				);
				PRODUCT_BUNDLE_IDENTIFIER = identifier.AwesomeCodableProject;
				PRODUCT_NAME = "$(TARGET_NAME)";
				SWIFT_VERSION = 4.2;
				TARGETED_DEVICE_FAMILY = "1,2";
			};
			name = Release;
		};
/* End XCBuildConfiguration section */

/* Begin XCConfigurationList section */
		8427D32221E633F1002F6960 /* Build configuration list for PBXProject "AwesomeCodableProject" */ = {
			isa = XCConfigurationList;
			buildConfigurations = (
				8427D33721E633F3002F6960 /* Debug */,
				8427D33821E633F3002F6960 /* Release */,
			);
			defaultConfigurationIsVisible = 0;
			defaultConfigurationName = Release;
		};
		8427D33921E633F3002F6960 /* Build configuration list for PBXNativeTarget "AwesomeCodableProject" */ = {
			isa = XCConfigurationList;
			buildConfigurations = (
				8427D33A21E633F3002F6960 /* Debug */,
				8427D33B21E633F3002F6960 /* Release */,
			);
			defaultConfigurationIsVisible = 0;
			defaultConfigurationName = Release;
		};
/* End XCConfigurationList section */
	};
	rootObject = 8427D31F21E633F1002F6960 /* Project object */;
}
